<?xml version="1.0" encoding="utf-8"?>
<Project ToolsVersion="4.0" xmlns="http://schemas.microsoft.com/developer/msbuild/2003">
  <ItemGroup>
    <Filter Include="Resources">
      <UniqueIdentifier>{67DA6AB6-F800-4c08-8B7A-83BB121AAD01}</UniqueIdentifier>
      <Extensions>rc;ico;cur;bmp;dlg;rc2;rct;bin;rgs;gif;jpg;jpeg;jpe;resx;tiff;tif;png;wav;mfcribbon-ms</Extensions>
    </Filter>
    <Filter Include="Sources">
      <UniqueIdentifier>{4FC737F1-C7A5-4376-A066-2A32D752A2FF}</UniqueIdentifier>
      <Extensions>cpp;c;cc;cxx;c++;cppm;ixx;def;odl;idl;hpj;bat;asm;asmx</Extensions>
    </Filter>
    <Filter Include="Headers">
      <UniqueIdentifier>{aca49dda-024e-4778-b15f-35c5b5b5c24d}</UniqueIdentifier>
    </Filter>
    <Filter Include="ImGUI">
      <UniqueIdentifier>{bcaed1b8-2f5f-4c87-b8c0-772b72d0616f}</UniqueIdentifier>
    </Filter>
  </ItemGroup>
  <ItemGroup>
    <ClCompile Include="launcher.cpp">
      <Filter>Sources</Filter>
    </ClCompile>
    <ClCompile Include="..\public\interface.cpp">
      <Filter>Sources</Filter>
    </ClCompile>
    <ClCompile Include="..\public\registry.cpp">
      <Filter>Sources</Filter>
    </ClCompile>
    <ClCompile Include="..\common\CCommandLine.cpp">
      <Filter>Sources</Filter>
    </ClCompile>
    <ClCompile Include="goldsrc_hook.cpp">
      <Filter>Sources</Filter>
    </ClCompile>
    <ClCompile Include="imgui_manager.cpp">
      <Filter>Sources</Filter>
    </ClCompile>
    <ClCompile Include="plugins_loader.cpp">
      <Filter>Sources</Filter>
    </ClCompile>
    <ClCompile Include="..\..\imgui_lib\imgui\imgui.cpp">
      <Filter>ImGUI</Filter>
    </ClCompile>
    <ClCompile Include="..\..\imgui_lib\imgui\imgui_demo.cpp">
      <Filter>ImGUI</Filter>
    </ClCompile>
    <ClCompile Include="..\..\imgui_lib\imgui\imgui_draw.cpp">
      <Filter>ImGUI</Filter>
    </ClCompile>
    <ClCompile Include="..\..\imgui_lib\imgui\imgui_tables.cpp">
      <Filter>ImGUI</Filter>
    </ClCompile>
    <ClCompile Include="..\..\imgui_lib\imgui\imgui_widgets.cpp">
      <Filter>ImGUI</Filter>
    </ClCompile>
    <ClCompile Include="..\..\imgui_lib\imgui\backends\imgui_impl_opengl2.cpp">
      <Filter>ImGUI</Filter>
    </ClCompile>
    <ClCompile Include="..\..\imgui_lib\imgui\backends\imgui_impl_sdl2.cpp">
      <Filter>ImGUI</Filter>
    </ClCompile>
  </ItemGroup>
  <ItemGroup>
    <ResourceCompile Include="hl.rc">
      <Filter>Resources</Filter>
    </ResourceCompile>
  </ItemGroup>
  <ItemGroup>
    <Image Include="..\hl.ico">
      <Filter>Resources</Filter>
    </Image>
  </ItemGroup>
  <ItemGroup>
    <ClInclude Include="resource.h">
      <Filter>Resources</Filter>
    </ClInclude>
    <ClInclude Include="goldsrc_hook.h">
      <Filter>Headers</Filter>
    </ClInclude>
    <ClInclude Include="goldsrc_patterns.hpp">
      <Filter>Headers</Filter>
    </ClInclude>
    <ClInclude Include="imgui_manager.hpp">
      <Filter>Headers</Filter>
    </ClInclude>
    <ClInclude Include="plugins_loader.hpp">
      <Filter>Headers</Filter>
    </ClInclude>
  </ItemGroup>
</Project>